
Microsoft Visual Studio Solution File, Format Version 12.00
# Visual Studio Version 17
VisualStudioVersion = 17.13.35825.156
MinimumVisualStudioVersion = 10.0.40219.1
Project("{FAE04EC0-301F-11D3-BF4B-00C04F79EFBC}") = "MuChord", "MuChord - Music Chord Application\MuChord.csproj", "{5E4B8B20-D8D4-4125-9E90-5AF5A8D73A67}"
EndProject
Project("{FAE04EC0-301F-11D3-BF4B-00C04F79EFBC}") = "MuChord_BL", "MuChor_BusinessDataLogic\MuChord_BL.csproj", "{33859891-CBDE-4ABD-B91E-C10A78C20B01}"
EndProject
Project("{FAE04EC0-301F-11D3-BF4B-00C04F79EFBC}") = "MuChord_DL", "MuChord_DL\MuChord_DL.csproj", "{34D23514-C2AA-45EE-9307-C93C2E63C2B3}"
EndProject
Global
	GlobalSection(SolutionConfigurationPlatforms) = preSolution
		Debug|Any CPU = Debug|Any CPU
		Release|Any CPU = Release|Any CPU
	EndGlobalSection
	GlobalSection(ProjectConfigurationPlatforms) = postSolution
		{5E4B8B20-D8D4-4125-9E90-5AF5A8D73A67}.Debug|Any CPU.ActiveCfg = Debug|Any CPU
		{5E4B8B20-D8D4-4125-9E90-5AF5A8D73A67}.Debug|Any CPU.Build.0 = Debug|Any CPU
		{5E4B8B20-D8D4-4125-9E90-5AF5A8D73A67}.Release|Any CPU.ActiveCfg = Release|Any CPU
		{5E4B8B20-D8D4-4125-9E90-5AF5A8D73A67}.Release|Any CPU.Build.0 = Release|Any CPU
		{33859891-CBDE-4ABD-B91E-C10A78C20B01}.Debug|Any CPU.ActiveCfg = Debug|Any CPU
		{33859891-CBDE-4ABD-B91E-C10A78C20B01}.Debug|Any CPU.Build.0 = Debug|Any CPU
		{33859891-CBDE-4ABD-B91E-C10A78C20B01}.Release|Any CPU.ActiveCfg = Release|Any CPU
		{33859891-CBDE-4ABD-B91E-C10A78C20B01}.Release|Any CPU.Build.0 = Release|Any CPU
		{34D23514-C2AA-45EE-9307-C93C2E63C2B3}.Debug|Any CPU.ActiveCfg = Debug|Any CPU
		{34D23514-C2AA-45EE-9307-C93C2E63C2B3}.Debug|Any CPU.Build.0 = Debug|Any CPU
		{34D23514-C2AA-45EE-9307-C93C2E63C2B3}.Release|Any CPU.ActiveCfg = Release|Any CPU
		{34D23514-C2AA-45EE-9307-C93C2E63C2B3}.Release|Any CPU.Build.0 = Release|Any CPU
	EndGlobalSection
	GlobalSection(SolutionProperties) = preSolution
		HideSolutionNode = FALSE
	EndGlobalSection
	GlobalSection(ExtensibilityGlobals) = postSolution
		SolutionGuid = {F7969762-971B-420E-8B95-081B5628D186}
	EndGlobalSection
EndGlobal
